<?xml version="1.0" encoding="utf-8"?>
<Project ToolsVersion="4.0" xmlns="http://schemas.microsoft.com/developer/msbuild/2003">
  <ItemGroup>
    <Filter Include="ソース ファイル">
      <UniqueIdentifier>{4FC737F1-C7A5-4376-A066-2A32D752A2FF}</UniqueIdentifier>
      <Extensions>cpp;c;cc;cxx;def;odl;idl;hpj;bat;asm;asmx</Extensions>
    </Filter>
    <Filter Include="ヘッダー ファイル">
      <UniqueIdentifier>{93995380-89BD-4b04-88EB-625FBE52EBFB}</UniqueIdentifier>
      <Extensions>h;hpp;hxx;hm;inl;inc;xsd</Extensions>
    </Filter>
    <Filter Include="リソース ファイル">
      <UniqueIdentifier>{67DA6AB6-F800-4c08-8B7A-83BB121AAD01}</UniqueIdentifier>
      <Extensions>rc;ico;cur;bmp;dlg;rc2;rct;bin;rgs;gif;jpg;jpeg;jpe;resx;tiff;tif;png;wav</Extensions>
    </Filter>
  </ItemGroup>
  <ItemGroup>
    <None Include="..\104.mayu.rb">
      <Filter>リソース ファイル</Filter>
    </None>
    <None Include="..\104on109.mayu.rb">
      <Filter>リソース ファイル</Filter>
    </None>
    <None Include="..\109.mayu.rb">
      <Filter>リソース ファイル</Filter>
    </None>
    <None Include="..\109on104.mayu.rb">
      <Filter>リソース ファイル</Filter>
    </None>
    <None Include="..\default.mayu.rb">
      <Filter>リソース ファイル</Filter>
    </None>
    <None Include="..\dot.mayu.rb">
      <Filter>リソース ファイル</Filter>
    </None>
    <None Include="..\emacsedit.mayu.rb">
      <Filter>リソース ファイル</Filter>
    </None>
    <None Include="..\workaround.mayu.rb">
      <Filter>リソース ファイル</Filter>
    </None>
    <None Include="..\workaround.reg">
      <Filter>リソース ファイル</Filter>
    </None>
    <None Include="..\nyamy-ja.ini">
      <Filter>リソース ファイル</Filter>
    </None>
    <None Include="..\nyamy-en.ini">
      <Filter>リソース ファイル</Filter>
    </None>
    <None Include="..\LICENSE.txt">
      <Filter>リソース ファイル</Filter>
    </None>
    <None Include="..\README.md">
      <Filter>リソース ファイル</Filter>
    </None>
    <None Include="..\doc\README-ja.html">
      <Filter>リソース ファイル</Filter>
    </None>
    <None Include="..\doc\style.css">
      <Filter>リソース ファイル</Filter>
    </None>
    <None Include="..\doc\syntax.txt">
      <Filter>リソース ファイル</Filter>
    </None>
    <None Include="..\doc\HISTORY-ja.html">
      <Filter>リソース ファイル</Filter>
    </None>
    <None Include="..\doc\README-nyamy.html">
      <Filter>リソース ファイル</Filter>
    </None>
    <None Include="..\doc\README-ymgw.html">
      <Filter>リソース ファイル</Filter>
    </None>
    <None Include="..\doc\edit-setting-ja.png">
      <Filter>リソース ファイル</Filter>
    </None>
    <None Include="..\doc\investigate-ja.png">
      <Filter>リソース ファイル</Filter>
    </None>
    <None Include="..\doc\log-ja.png">
      <Filter>リソース ファイル</Filter>
    </None>
    <None Include="..\doc\menu-ja.png">
      <Filter>リソース ファイル</Filter>
    </None>
    <None Include="..\doc\pause-ja.png">
      <Filter>リソース ファイル</Filter>
    </None>
    <None Include="..\doc\setting-ja.png">
      <Filter>リソース ファイル</Filter>
    </None>
    <None Include="..\doc\target.png">
      <Filter>リソース ファイル</Filter>
    </None>
    <None Include="..\doc\version-ja.png">
      <Filter>リソース ファイル</Filter>
    </None>
    <None Include="..\scripter\nyamy_scripter.h">
      <Filter>ヘッダー ファイル</Filter>
    </None>
    <None Include="..\s\install.cmd">
      <Filter>リソース ファイル</Filter>
    </None>
    <None Include="..\s\install.ps1">
      <Filter>リソース ファイル</Filter>
    </None>
    <None Include="..\s\uninstall.cmd">
      <Filter>リソース ファイル</Filter>
    </None>
    <None Include="..\s\uninstall.ps1">
      <Filter>リソース ファイル</Filter>
    </None>
    <None Include="..\s\nyamy-installer.psm1">
      <Filter>リソース ファイル</Filter>
    </None>
  </ItemGroup>
  <ItemGroup>
    <CustomBuild Include="..\tools\makedistrib.ps1">
      <Filter>リソース ファイル</Filter>
    </CustomBuild>
  </ItemGroup>
</Project>
